
Microsoft Visual Studio Solution File, Format Version 12.00
# Visual Studio Version 16
VisualStudioVersion = 16.0.28917.181
MinimumVisualStudioVersion = 10.0.40219.1
Project("{9A19103F-16F7-4668-BE54-9A1E7A4F7556}") = "Sokokapu_Stock_Management", "Sokokapu_Stock_Management\Sokokapu_Stock_Management.csproj", "{0E06A3CC-DA33-4D37-AA6F-1C668AA1A6C1}"
EndProject
Project("{FAE04EC0-301F-11D3-BF4B-00C04F79EFBC}") = "DAL", "DAL\DAL.csproj", "{61EAC222-FF03-4227-B770-8E010FE4AAE5}"
EndProject
Project("{FAE04EC0-301F-11D3-BF4B-00C04F79EFBC}") = "ServiceLayer", "ServiceLayer\ServiceLayer.csproj", "{472CBC21-FD83-4511-BFEF-6688D635B6A6}"
EndProject
Global
	GlobalSection(SolutionConfigurationPlatforms) = preSolution
		Debug|Any CPU = Debug|Any CPU
		Release|Any CPU = Release|Any CPU
	EndGlobalSection
	GlobalSection(ProjectConfigurationPlatforms) = postSolution
		{0E06A3CC-DA33-4D37-AA6F-1C668AA1A6C1}.Debug|Any CPU.ActiveCfg = Debug|Any CPU
		{0E06A3CC-DA33-4D37-AA6F-1C668AA1A6C1}.Debug|Any CPU.Build.0 = Debug|Any CPU
		{0E06A3CC-DA33-4D37-AA6F-1C668AA1A6C1}.Release|Any CPU.ActiveCfg = Release|Any CPU
		{0E06A3CC-DA33-4D37-AA6F-1C668AA1A6C1}.Release|Any CPU.Build.0 = Release|Any CPU
		{61EAC222-FF03-4227-B770-8E010FE4AAE5}.Debug|Any CPU.ActiveCfg = Debug|Any CPU
		{61EAC222-FF03-4227-B770-8E010FE4AAE5}.Debug|Any CPU.Build.0 = Debug|Any CPU
		{61EAC222-FF03-4227-B770-8E010FE4AAE5}.Release|Any CPU.ActiveCfg = Release|Any CPU
		{61EAC222-FF03-4227-B770-8E010FE4AAE5}.Release|Any CPU.Build.0 = Release|Any CPU
		{472CBC21-FD83-4511-BFEF-6688D635B6A6}.Debug|Any CPU.ActiveCfg = Debug|Any CPU
		{472CBC21-FD83-4511-BFEF-6688D635B6A6}.Debug|Any CPU.Build.0 = Debug|Any CPU
		{472CBC21-FD83-4511-BFEF-6688D635B6A6}.Release|Any CPU.ActiveCfg = Release|Any CPU
		{472CBC21-FD83-4511-BFEF-6688D635B6A6}.Release|Any CPU.Build.0 = Release|Any CPU
	EndGlobalSection
	GlobalSection(SolutionProperties) = preSolution
		HideSolutionNode = FALSE
	EndGlobalSection
	GlobalSection(ExtensibilityGlobals) = postSolution
		SolutionGuid = {8BE64CEF-1F32-46E3-8181-306DACBAD2D9}
	EndGlobalSection
EndGlobal
